
Microsoft Visual Studio Solution File, Format Version 12.00
# Visual Studio Version 17
VisualStudioVersion = 17.13.35825.156
MinimumVisualStudioVersion = 10.0.40219.1
Project("{FAE04EC0-301F-11D3-BF4B-00C04F79EFBC}") = "NET 09. Indexer", "NET 09\NET 09. Indexer.csproj", "{8C396BF5-E9D1-4BEB-9A20-BE930B59052C}"
EndProject
Project("{2150E333-8FDC-42A3-9474-1A3956D46DE8}") = ".NET 09", ".NET 09", "{02EA681E-C7D8-13C7-8484-4AC65E1B71E8}"
EndProject
Project("{FAE04EC0-301F-11D3-BF4B-00C04F79EFBC}") = "NET 09. delegates", "NET 09. delegates\NET 09. delegates.csproj", "{D4FC4DC3-2DCD-4E4C-B12C-B9CAD73497CF}"
EndProject
Project("{8BC9CEB8-8B4A-11D0-8D11-00A0C91BC942}") = "NET 09. CPP pointer to function", "NET 09. CPP pointer to function\NET 09. CPP pointer to function.vcxproj", "{CD7FFBA1-960E-47BD-B91F-FF9D0B71AEF2}"
EndProject
Project("{2150E333-8FDC-42A3-9474-1A3956D46DE8}") = ".NET 10", ".NET 10", "{E8A9AE8F-A13C-4F14-86FF-ADDAC70945CE}"
EndProject
Project("{FAE04EC0-301F-11D3-BF4B-00C04F79EFBC}") = "NET 10. Standard interfaces", "NET 10. Standard interfaces\NET 10. Standard interfaces.csproj", "{96469275-C0D6-4821-A563-7CB42925BD69}"
EndProject
Project("{2150E333-8FDC-42A3-9474-1A3956D46DE8}") = ".NET 11", ".NET 11", "{6EF088B5-B885-425C-A3A7-EB9417A7B540}"
EndProject
Project("{FAE04EC0-301F-11D3-BF4B-00C04F79EFBC}") = "NET 11. String vs StringBuilder", "NET 11. String vs StringBuilder\NET 11. String vs StringBuilder.csproj", "{341C0FD8-5AB5-4A1D-9F94-A6547DFCE158}"
EndProject
Project("{FAE04EC0-301F-11D3-BF4B-00C04F79EFBC}") = "NET 11. Collections", "NET 11. Collections\NET 11. Collections.csproj", "{9A0750E5-9925-40A5-A8CC-25FA660D7F99}"
EndProject
Project("{FAE04EC0-301F-11D3-BF4B-00C04F79EFBC}") = "NET 11. boxing-unboxing", "NET 11. boxing-unboxing\NET 11. boxing-unboxing.csproj", "{C190B4F8-330C-4571-A42D-0DCBF00ADE59}"
EndProject
Project("{FAE04EC0-301F-11D3-BF4B-00C04F79EFBC}") = "NET 11. Generic collections", "NET 11. Generic collections\NET 11. Generic collections.csproj", "{1B1390F8-53B2-4D3D-9347-66491E0402A6}"
EndProject
Project("{FAE04EC0-301F-11D3-BF4B-00C04F79EFBC}") = "NET 11. generic vas non-generic", "NET 11. generic vas non-generic\NET 11. generic vas non-generic.csproj", "{B3499F97-B663-49A2-9F8A-ACA5ED0A30A4}"
EndProject
Global
	GlobalSection(SolutionConfigurationPlatforms) = preSolution
		Debug|Any CPU = Debug|Any CPU
		Debug|x64 = Debug|x64
		Debug|x86 = Debug|x86
		Release|Any CPU = Release|Any CPU
		Release|x64 = Release|x64
		Release|x86 = Release|x86
	EndGlobalSection
	GlobalSection(ProjectConfigurationPlatforms) = postSolution
		{8C396BF5-E9D1-4BEB-9A20-BE930B59052C}.Debug|Any CPU.ActiveCfg = Debug|Any CPU
		{8C396BF5-E9D1-4BEB-9A20-BE930B59052C}.Debug|Any CPU.Build.0 = Debug|Any CPU
		{8C396BF5-E9D1-4BEB-9A20-BE930B59052C}.Debug|x64.ActiveCfg = Debug|Any CPU
		{8C396BF5-E9D1-4BEB-9A20-BE930B59052C}.Debug|x64.Build.0 = Debug|Any CPU
		{8C396BF5-E9D1-4BEB-9A20-BE930B59052C}.Debug|x86.ActiveCfg = Debug|Any CPU
		{8C396BF5-E9D1-4BEB-9A20-BE930B59052C}.Debug|x86.Build.0 = Debug|Any CPU
		{8C396BF5-E9D1-4BEB-9A20-BE930B59052C}.Release|Any CPU.ActiveCfg = Release|Any CPU
		{8C396BF5-E9D1-4BEB-9A20-BE930B59052C}.Release|Any CPU.Build.0 = Release|Any CPU
		{8C396BF5-E9D1-4BEB-9A20-BE930B59052C}.Release|x64.ActiveCfg = Release|Any CPU
		{8C396BF5-E9D1-4BEB-9A20-BE930B59052C}.Release|x64.Build.0 = Release|Any CPU
		{8C396BF5-E9D1-4BEB-9A20-BE930B59052C}.Release|x86.ActiveCfg = Release|Any CPU
		{8C396BF5-E9D1-4BEB-9A20-BE930B59052C}.Release|x86.Build.0 = Release|Any CPU
		{D4FC4DC3-2DCD-4E4C-B12C-B9CAD73497CF}.Debug|Any CPU.ActiveCfg = Debug|Any CPU
		{D4FC4DC3-2DCD-4E4C-B12C-B9CAD73497CF}.Debug|Any CPU.Build.0 = Debug|Any CPU
		{D4FC4DC3-2DCD-4E4C-B12C-B9CAD73497CF}.Debug|x64.ActiveCfg = Debug|Any CPU
		{D4FC4DC3-2DCD-4E4C-B12C-B9CAD73497CF}.Debug|x64.Build.0 = Debug|Any CPU
		{D4FC4DC3-2DCD-4E4C-B12C-B9CAD73497CF}.Debug|x86.ActiveCfg = Debug|Any CPU
		{D4FC4DC3-2DCD-4E4C-B12C-B9CAD73497CF}.Debug|x86.Build.0 = Debug|Any CPU
		{D4FC4DC3-2DCD-4E4C-B12C-B9CAD73497CF}.Release|Any CPU.ActiveCfg = Release|Any CPU
		{D4FC4DC3-2DCD-4E4C-B12C-B9CAD73497CF}.Release|Any CPU.Build.0 = Release|Any CPU
		{D4FC4DC3-2DCD-4E4C-B12C-B9CAD73497CF}.Release|x64.ActiveCfg = Release|Any CPU
		{D4FC4DC3-2DCD-4E4C-B12C-B9CAD73497CF}.Release|x64.Build.0 = Release|Any CPU
		{D4FC4DC3-2DCD-4E4C-B12C-B9CAD73497CF}.Release|x86.ActiveCfg = Release|Any CPU
		{D4FC4DC3-2DCD-4E4C-B12C-B9CAD73497CF}.Release|x86.Build.0 = Release|Any CPU
		{CD7FFBA1-960E-47BD-B91F-FF9D0B71AEF2}.Debug|Any CPU.ActiveCfg = Debug|x64
		{CD7FFBA1-960E-47BD-B91F-FF9D0B71AEF2}.Debug|Any CPU.Build.0 = Debug|x64
		{CD7FFBA1-960E-47BD-B91F-FF9D0B71AEF2}.Debug|x64.ActiveCfg = Debug|x64
		{CD7FFBA1-960E-47BD-B91F-FF9D0B71AEF2}.Debug|x64.Build.0 = Debug|x64
		{CD7FFBA1-960E-47BD-B91F-FF9D0B71AEF2}.Debug|x86.ActiveCfg = Debug|Win32
		{CD7FFBA1-960E-47BD-B91F-FF9D0B71AEF2}.Debug|x86.Build.0 = Debug|Win32
		{CD7FFBA1-960E-47BD-B91F-FF9D0B71AEF2}.Release|Any CPU.ActiveCfg = Release|x64
		{CD7FFBA1-960E-47BD-B91F-FF9D0B71AEF2}.Release|Any CPU.Build.0 = Release|x64
		{CD7FFBA1-960E-47BD-B91F-FF9D0B71AEF2}.Release|x64.ActiveCfg = Release|x64
		{CD7FFBA1-960E-47BD-B91F-FF9D0B71AEF2}.Release|x64.Build.0 = Release|x64
		{CD7FFBA1-960E-47BD-B91F-FF9D0B71AEF2}.Release|x86.ActiveCfg = Release|Win32
		{CD7FFBA1-960E-47BD-B91F-FF9D0B71AEF2}.Release|x86.Build.0 = Release|Win32
		{96469275-C0D6-4821-A563-7CB42925BD69}.Debug|Any CPU.ActiveCfg = Debug|Any CPU
		{96469275-C0D6-4821-A563-7CB42925BD69}.Debug|Any CPU.Build.0 = Debug|Any CPU
		{96469275-C0D6-4821-A563-7CB42925BD69}.Debug|x64.ActiveCfg = Debug|Any CPU
		{96469275-C0D6-4821-A563-7CB42925BD69}.Debug|x64.Build.0 = Debug|Any CPU
		{96469275-C0D6-4821-A563-7CB42925BD69}.Debug|x86.ActiveCfg = Debug|Any CPU
		{96469275-C0D6-4821-A563-7CB42925BD69}.Debug|x86.Build.0 = Debug|Any CPU
		{96469275-C0D6-4821-A563-7CB42925BD69}.Release|Any CPU.ActiveCfg = Release|Any CPU
		{96469275-C0D6-4821-A563-7CB42925BD69}.Release|Any CPU.Build.0 = Release|Any CPU
		{96469275-C0D6-4821-A563-7CB42925BD69}.Release|x64.ActiveCfg = Release|Any CPU
		{96469275-C0D6-4821-A563-7CB42925BD69}.Release|x64.Build.0 = Release|Any CPU
		{96469275-C0D6-4821-A563-7CB42925BD69}.Release|x86.ActiveCfg = Release|Any CPU
		{96469275-C0D6-4821-A563-7CB42925BD69}.Release|x86.Build.0 = Release|Any CPU
		{341C0FD8-5AB5-4A1D-9F94-A6547DFCE158}.Debug|Any CPU.ActiveCfg = Debug|Any CPU
		{341C0FD8-5AB5-4A1D-9F94-A6547DFCE158}.Debug|Any CPU.Build.0 = Debug|Any CPU
		{341C0FD8-5AB5-4A1D-9F94-A6547DFCE158}.Debug|x64.ActiveCfg = Debug|Any CPU
		{341C0FD8-5AB5-4A1D-9F94-A6547DFCE158}.Debug|x64.Build.0 = Debug|Any CPU
		{341C0FD8-5AB5-4A1D-9F94-A6547DFCE158}.Debug|x86.ActiveCfg = Debug|Any CPU
		{341C0FD8-5AB5-4A1D-9F94-A6547DFCE158}.Debug|x86.Build.0 = Debug|Any CPU
		{341C0FD8-5AB5-4A1D-9F94-A6547DFCE158}.Release|Any CPU.ActiveCfg = Release|Any CPU
		{341C0FD8-5AB5-4A1D-9F94-A6547DFCE158}.Release|Any CPU.Build.0 = Release|Any CPU
		{341C0FD8-5AB5-4A1D-9F94-A6547DFCE158}.Release|x64.ActiveCfg = Release|Any CPU
		{341C0FD8-5AB5-4A1D-9F94-A6547DFCE158}.Release|x64.Build.0 = Release|Any CPU
		{341C0FD8-5AB5-4A1D-9F94-A6547DFCE158}.Release|x86.ActiveCfg = Release|Any CPU
		{341C0FD8-5AB5-4A1D-9F94-A6547DFCE158}.Release|x86.Build.0 = Release|Any CPU
		{9A0750E5-9925-40A5-A8CC-25FA660D7F99}.Debug|Any CPU.ActiveCfg = Debug|Any CPU
		{9A0750E5-9925-40A5-A8CC-25FA660D7F99}.Debug|Any CPU.Build.0 = Debug|Any CPU
		{9A0750E5-9925-40A5-A8CC-25FA660D7F99}.Debug|x64.ActiveCfg = Debug|Any CPU
		{9A0750E5-9925-40A5-A8CC-25FA660D7F99}.Debug|x64.Build.0 = Debug|Any CPU
		{9A0750E5-9925-40A5-A8CC-25FA660D7F99}.Debug|x86.ActiveCfg = Debug|Any CPU
		{9A0750E5-9925-40A5-A8CC-25FA660D7F99}.Debug|x86.Build.0 = Debug|Any CPU
		{9A0750E5-9925-40A5-A8CC-25FA660D7F99}.Release|Any CPU.ActiveCfg = Release|Any CPU
		{9A0750E5-9925-40A5-A8CC-25FA660D7F99}.Release|Any CPU.Build.0 = Release|Any CPU
		{9A0750E5-9925-40A5-A8CC-25FA660D7F99}.Release|x64.ActiveCfg = Release|Any CPU
		{9A0750E5-9925-40A5-A8CC-25FA660D7F99}.Release|x64.Build.0 = Release|Any CPU
		{9A0750E5-9925-40A5-A8CC-25FA660D7F99}.Release|x86.ActiveCfg = Release|Any CPU
		{9A0750E5-9925-40A5-A8CC-25FA660D7F99}.Release|x86.Build.0 = Release|Any CPU
		{C190B4F8-330C-4571-A42D-0DCBF00ADE59}.Debug|Any CPU.ActiveCfg = Debug|Any CPU
		{C190B4F8-330C-4571-A42D-0DCBF00ADE59}.Debug|Any CPU.Build.0 = Debug|Any CPU
		{C190B4F8-330C-4571-A42D-0DCBF00ADE59}.Debug|x64.ActiveCfg = Debug|Any CPU
		{C190B4F8-330C-4571-A42D-0DCBF00ADE59}.Debug|x64.Build.0 = Debug|Any CPU
		{C190B4F8-330C-4571-A42D-0DCBF00ADE59}.Debug|x86.ActiveCfg = Debug|Any CPU
		{C190B4F8-330C-4571-A42D-0DCBF00ADE59}.Debug|x86.Build.0 = Debug|Any CPU
		{C190B4F8-330C-4571-A42D-0DCBF00ADE59}.Release|Any CPU.ActiveCfg = Release|Any CPU
		{C190B4F8-330C-4571-A42D-0DCBF00ADE59}.Release|Any CPU.Build.0 = Release|Any CPU
		{C190B4F8-330C-4571-A42D-0DCBF00ADE59}.Release|x64.ActiveCfg = Release|Any CPU
		{C190B4F8-330C-4571-A42D-0DCBF00ADE59}.Release|x64.Build.0 = Release|Any CPU
		{C190B4F8-330C-4571-A42D-0DCBF00ADE59}.Release|x86.ActiveCfg = Release|Any CPU
		{C190B4F8-330C-4571-A42D-0DCBF00ADE59}.Release|x86.Build.0 = Release|Any CPU
		{1B1390F8-53B2-4D3D-9347-66491E0402A6}.Debug|Any CPU.ActiveCfg = Debug|Any CPU
		{1B1390F8-53B2-4D3D-9347-66491E0402A6}.Debug|Any CPU.Build.0 = Debug|Any CPU
		{1B1390F8-53B2-4D3D-9347-66491E0402A6}.Debug|x64.ActiveCfg = Debug|Any CPU
		{1B1390F8-53B2-4D3D-9347-66491E0402A6}.Debug|x64.Build.0 = Debug|Any CPU
		{1B1390F8-53B2-4D3D-9347-66491E0402A6}.Debug|x86.ActiveCfg = Debug|Any CPU
		{1B1390F8-53B2-4D3D-9347-66491E0402A6}.Debug|x86.Build.0 = Debug|Any CPU
		{1B1390F8-53B2-4D3D-9347-66491E0402A6}.Release|Any CPU.ActiveCfg = Release|Any CPU
		{1B1390F8-53B2-4D3D-9347-66491E0402A6}.Release|Any CPU.Build.0 = Release|Any CPU
		{1B1390F8-53B2-4D3D-9347-66491E0402A6}.Release|x64.ActiveCfg = Release|Any CPU
		{1B1390F8-53B2-4D3D-9347-66491E0402A6}.Release|x64.Build.0 = Release|Any CPU
		{1B1390F8-53B2-4D3D-9347-66491E0402A6}.Release|x86.ActiveCfg = Release|Any CPU
		{1B1390F8-53B2-4D3D-9347-66491E0402A6}.Release|x86.Build.0 = Release|Any CPU
		{B3499F97-B663-49A2-9F8A-ACA5ED0A30A4}.Debug|Any CPU.ActiveCfg = Debug|Any CPU
		{B3499F97-B663-49A2-9F8A-ACA5ED0A30A4}.Debug|Any CPU.Build.0 = Debug|Any CPU
		{B3499F97-B663-49A2-9F8A-ACA5ED0A30A4}.Debug|x64.ActiveCfg = Debug|Any CPU
		{B3499F97-B663-49A2-9F8A-ACA5ED0A30A4}.Debug|x64.Build.0 = Debug|Any CPU
		{B3499F97-B663-49A2-9F8A-ACA5ED0A30A4}.Debug|x86.ActiveCfg = Debug|Any CPU
		{B3499F97-B663-49A2-9F8A-ACA5ED0A30A4}.Debug|x86.Build.0 = Debug|Any CPU
		{B3499F97-B663-49A2-9F8A-ACA5ED0A30A4}.Release|Any CPU.ActiveCfg = Release|Any CPU
		{B3499F97-B663-49A2-9F8A-ACA5ED0A30A4}.Release|Any CPU.Build.0 = Release|Any CPU
		{B3499F97-B663-49A2-9F8A-ACA5ED0A30A4}.Release|x64.ActiveCfg = Release|Any CPU
		{B3499F97-B663-49A2-9F8A-ACA5ED0A30A4}.Release|x64.Build.0 = Release|Any CPU
		{B3499F97-B663-49A2-9F8A-ACA5ED0A30A4}.Release|x86.ActiveCfg = Release|Any CPU
		{B3499F97-B663-49A2-9F8A-ACA5ED0A30A4}.Release|x86.Build.0 = Release|Any CPU
	EndGlobalSection
	GlobalSection(SolutionProperties) = preSolution
		HideSolutionNode = FALSE
	EndGlobalSection
	GlobalSection(NestedProjects) = preSolution
		{8C396BF5-E9D1-4BEB-9A20-BE930B59052C} = {02EA681E-C7D8-13C7-8484-4AC65E1B71E8}
		{D4FC4DC3-2DCD-4E4C-B12C-B9CAD73497CF} = {02EA681E-C7D8-13C7-8484-4AC65E1B71E8}
		{CD7FFBA1-960E-47BD-B91F-FF9D0B71AEF2} = {02EA681E-C7D8-13C7-8484-4AC65E1B71E8}
		{96469275-C0D6-4821-A563-7CB42925BD69} = {E8A9AE8F-A13C-4F14-86FF-ADDAC70945CE}
		{341C0FD8-5AB5-4A1D-9F94-A6547DFCE158} = {6EF088B5-B885-425C-A3A7-EB9417A7B540}
		{9A0750E5-9925-40A5-A8CC-25FA660D7F99} = {6EF088B5-B885-425C-A3A7-EB9417A7B540}
		{C190B4F8-330C-4571-A42D-0DCBF00ADE59} = {6EF088B5-B885-425C-A3A7-EB9417A7B540}
		{1B1390F8-53B2-4D3D-9347-66491E0402A6} = {6EF088B5-B885-425C-A3A7-EB9417A7B540}
		{B3499F97-B663-49A2-9F8A-ACA5ED0A30A4} = {6EF088B5-B885-425C-A3A7-EB9417A7B540}
	EndGlobalSection
	GlobalSection(ExtensibilityGlobals) = postSolution
		SolutionGuid = {939EE77E-8D5B-4FF5-9487-8F9572983853}
	EndGlobalSection
EndGlobal
