
Microsoft Visual Studio Solution File, Format Version 12.00
# Visual Studio Version 17
VisualStudioVersion = 17.13.35825.156
MinimumVisualStudioVersion = 10.0.40219.1
Project("{FAE04EC0-301F-11D3-BF4B-00C04F79EFBC}") = "NET 09. Indexer", "NET 09\NET 09. Indexer.csproj", "{8C396BF5-E9D1-4BEB-9A20-BE930B59052C}"
EndProject
Project("{2150E333-8FDC-42A3-9474-1A3956D46DE8}") = ".NET 09", ".NET 09", "{02EA681E-C7D8-13C7-8484-4AC65E1B71E8}"
EndProject
Project("{FAE04EC0-301F-11D3-BF4B-00C04F79EFBC}") = "NET 09. delegates", "NET 09. delegates\NET 09. delegates.csproj", "{D4FC4DC3-2DCD-4E4C-B12C-B9CAD73497CF}"
EndProject
Project("{8BC9CEB8-8B4A-11D0-8D11-00A0C91BC942}") = "NET 09. CPP pointer to function", "NET 09. CPP pointer to function\NET 09. CPP pointer to function.vcxproj", "{CD7FFBA1-960E-47BD-B91F-FF9D0B71AEF2}"
EndProject
Project("{2150E333-8FDC-42A3-9474-1A3956D46DE8}") = ".NET 10", ".NET 10", "{E8A9AE8F-A13C-4F14-86FF-ADDAC70945CE}"
EndProject
Project("{FAE04EC0-301F-11D3-BF4B-00C04F79EFBC}") = "NET 10. Standard interfaces", "NET 10. Standard interfaces\NET 10. Standard interfaces.csproj", "{96469275-C0D6-4821-A563-7CB42925BD69}"
EndProject
Project("{2150E333-8FDC-42A3-9474-1A3956D46DE8}") = ".NET 11", ".NET 11", "{6EF088B5-B885-425C-A3A7-EB9417A7B540}"
EndProject
Project("{FAE04EC0-301F-11D3-BF4B-00C04F79EFBC}") = "NET 11. String vs StringBuilder", "NET 11. String vs StringBuilder\NET 11. String vs StringBuilder.csproj", "{341C0FD8-5AB5-4A1D-9F94-A6547DFCE158}"
EndProject
Project("{FAE04EC0-301F-11D3-BF4B-00C04F79EFBC}") = "NET 11. Collections", "NET 11. Collections\NET 11. Collections.csproj", "{9A0750E5-9925-40A5-A8CC-25FA660D7F99}"
EndProject
Project("{FAE04EC0-301F-11D3-BF4B-00C04F79EFBC}") = "NET 11. boxing-unboxing", "NET 11. boxing-unboxing\NET 11. boxing-unboxing.csproj", "{C190B4F8-330C-4571-A42D-0DCBF00ADE59}"
EndProject
Project("{FAE04EC0-301F-11D3-BF4B-00C04F79EFBC}") = "NET 11. Generic collections", "NET 11. Generic collections\NET 11. Generic collections.csproj", "{1B1390F8-53B2-4D3D-9347-66491E0402A6}"
EndProject
Project("{FAE04EC0-301F-11D3-BF4B-00C04F79EFBC}") = "NET 11. generic vs non-generic", "NET 11. generic vas non-generic\NET 11. generic vs non-generic.csproj", "{B3499F97-B663-49A2-9F8A-ACA5ED0A30A4}"
EndProject
Project("{FAE04EC0-301F-11D3-BF4B-00C04F79EFBC}") = "NET 11. Events", "NET 11. Events\NET 11. Events.csproj", "{78AB5750-8DE3-4D23-898F-747C8AAF35EF}"
EndProject
Project("{FAE04EC0-301F-11D3-BF4B-00C04F79EFBC}") = "NET 11. Events Add Remove", "NET 11. Events Add Remove\NET 11. Events Add Remove.csproj", "{E4C760CB-74A3-46E0-9AA1-AE25FFC170E9}"
EndProject
Project("{FAE04EC0-301F-11D3-BF4B-00C04F79EFBC}") = "NET 11. EventArgs", "NET 11. EventArgs\NET 11. EventArgs.csproj", "{6DBB0434-3504-4740-BD29-60009A12FFED}"
EndProject
Project("{FAE04EC0-301F-11D3-BF4B-00C04F79EFBC}") = "NET 11. EventArgs with Windows Forms", "NET 11. EventArgs with Windows Forms\NET 11. EventArgs with Windows Forms.csproj", "{9234CAE8-2997-4E0D-BBBE-3FFB0BCB496E}"
EndProject
Project("{2150E333-8FDC-42A3-9474-1A3956D46DE8}") = ".NET 12", ".NET 12", "{1048619A-9299-47EB-9E6E-CB84D310D433}"
EndProject
Project("{FAE04EC0-301F-11D3-BF4B-00C04F79EFBC}") = "NET 12. Generic", "NET 12. Generic\NET 12. Generic.csproj", "{3A34E999-F3B1-4423-A793-2A6CE16FD6F1}"
EndProject
Project("{FAE04EC0-301F-11D3-BF4B-00C04F79EFBC}") = "NET 12. LINQ", "NET 12. LINQ\NET 12. LINQ.csproj", "{70CE6FE8-C28B-4003-BC70-7213C750F12F}"
EndProject
Project("{FAE04EC0-301F-11D3-BF4B-00C04F79EFBC}") = "NET 12. LINQ join", "NET 12. LINQ join\NET 12. LINQ join.csproj", "{330AF046-4B07-4ECA-8699-459CB9709CBB}"
EndProject
Project("{2150E333-8FDC-42A3-9474-1A3956D46DE8}") = ".NET 13", ".NET 13", "{78F042D7-4ABB-4EA8-BFC9-62149EF42DEA}"
EndProject
Project("{FAE04EC0-301F-11D3-BF4B-00C04F79EFBC}") = "NET 13. Anonymous methods, Lambda", "NET 13. Anonymous methods, Lambda\NET 13. Anonymous methods, Lambda.csproj", "{D5A80DF9-F422-476B-9FE8-C46AD94C961A}"
EndProject
Project("{FAE04EC0-301F-11D3-BF4B-00C04F79EFBC}") = "NET 13. Extension methods", "NET 13. Extension methods\NET 13. Extension methods.csproj", "{1984ED0D-6B34-4DEA-B69F-AC265F8D2DB4}"
EndProject
Project("{FAE04EC0-301F-11D3-BF4B-00C04F79EFBC}") = "NET 13. LINQ methods", "NET 13. LINQ methods\NET 13. LINQ methods.csproj", "{74AE540B-12DC-4858-8E19-B82FF759D101}"
EndProject
Project("{2150E333-8FDC-42A3-9474-1A3956D46DE8}") = ".NET 14", ".NET 14", "{FB4081A5-A928-414D-859D-AA60F4278BDB}"
EndProject
Project("{FAE04EC0-301F-11D3-BF4B-00C04F79EFBC}") = "NET 14. Garbage Collectior", "NET 14. Garbage Collectior\NET 14. Garbage Collectior.csproj", "{429EB1AC-E7FA-4211-8D80-5EAA135808B7}"
EndProject
Project("{FAE04EC0-301F-11D3-BF4B-00C04F79EFBC}") = "NET 14. Files Byte Streams", "NET 14. Files Byte Streams\NET 14. Files Byte Streams.csproj", "{4A217438-8175-4A56-8D38-FEDF1BBEB8FF}"
EndProject
Project("{FAE04EC0-301F-11D3-BF4B-00C04F79EFBC}") = "NET 14. StreamWriter, StreamReader", "NET 14. StreamWriter, StreamReader\NET 14. StreamWriter, StreamReader.csproj", "{A8DD2C31-DB7E-4F04-A5CF-9ACECF8E3F6E}"
EndProject
Project("{FAE04EC0-301F-11D3-BF4B-00C04F79EFBC}") = "NET 14. IDisposable", "NET 14. IDisposable\NET 14. IDisposable.csproj", "{782D6B81-99A5-4609-89A8-C53AC9F6379C}"
EndProject
Global
	GlobalSection(SolutionConfigurationPlatforms) = preSolution
		Debug|Any CPU = Debug|Any CPU
		Debug|x64 = Debug|x64
		Debug|x86 = Debug|x86
		Release|Any CPU = Release|Any CPU
		Release|x64 = Release|x64
		Release|x86 = Release|x86
	EndGlobalSection
	GlobalSection(ProjectConfigurationPlatforms) = postSolution
		{8C396BF5-E9D1-4BEB-9A20-BE930B59052C}.Debug|Any CPU.ActiveCfg = Debug|Any CPU
		{8C396BF5-E9D1-4BEB-9A20-BE930B59052C}.Debug|Any CPU.Build.0 = Debug|Any CPU
		{8C396BF5-E9D1-4BEB-9A20-BE930B59052C}.Debug|x64.ActiveCfg = Debug|Any CPU
		{8C396BF5-E9D1-4BEB-9A20-BE930B59052C}.Debug|x64.Build.0 = Debug|Any CPU
		{8C396BF5-E9D1-4BEB-9A20-BE930B59052C}.Debug|x86.ActiveCfg = Debug|Any CPU
		{8C396BF5-E9D1-4BEB-9A20-BE930B59052C}.Debug|x86.Build.0 = Debug|Any CPU
		{8C396BF5-E9D1-4BEB-9A20-BE930B59052C}.Release|Any CPU.ActiveCfg = Release|Any CPU
		{8C396BF5-E9D1-4BEB-9A20-BE930B59052C}.Release|Any CPU.Build.0 = Release|Any CPU
		{8C396BF5-E9D1-4BEB-9A20-BE930B59052C}.Release|x64.ActiveCfg = Release|Any CPU
		{8C396BF5-E9D1-4BEB-9A20-BE930B59052C}.Release|x64.Build.0 = Release|Any CPU
		{8C396BF5-E9D1-4BEB-9A20-BE930B59052C}.Release|x86.ActiveCfg = Release|Any CPU
		{8C396BF5-E9D1-4BEB-9A20-BE930B59052C}.Release|x86.Build.0 = Release|Any CPU
		{D4FC4DC3-2DCD-4E4C-B12C-B9CAD73497CF}.Debug|Any CPU.ActiveCfg = Debug|Any CPU
		{D4FC4DC3-2DCD-4E4C-B12C-B9CAD73497CF}.Debug|Any CPU.Build.0 = Debug|Any CPU
		{D4FC4DC3-2DCD-4E4C-B12C-B9CAD73497CF}.Debug|x64.ActiveCfg = Debug|Any CPU
		{D4FC4DC3-2DCD-4E4C-B12C-B9CAD73497CF}.Debug|x64.Build.0 = Debug|Any CPU
		{D4FC4DC3-2DCD-4E4C-B12C-B9CAD73497CF}.Debug|x86.ActiveCfg = Debug|Any CPU
		{D4FC4DC3-2DCD-4E4C-B12C-B9CAD73497CF}.Debug|x86.Build.0 = Debug|Any CPU
		{D4FC4DC3-2DCD-4E4C-B12C-B9CAD73497CF}.Release|Any CPU.ActiveCfg = Release|Any CPU
		{D4FC4DC3-2DCD-4E4C-B12C-B9CAD73497CF}.Release|Any CPU.Build.0 = Release|Any CPU
		{D4FC4DC3-2DCD-4E4C-B12C-B9CAD73497CF}.Release|x64.ActiveCfg = Release|Any CPU
		{D4FC4DC3-2DCD-4E4C-B12C-B9CAD73497CF}.Release|x64.Build.0 = Release|Any CPU
		{D4FC4DC3-2DCD-4E4C-B12C-B9CAD73497CF}.Release|x86.ActiveCfg = Release|Any CPU
		{D4FC4DC3-2DCD-4E4C-B12C-B9CAD73497CF}.Release|x86.Build.0 = Release|Any CPU
		{CD7FFBA1-960E-47BD-B91F-FF9D0B71AEF2}.Debug|Any CPU.ActiveCfg = Debug|x64
		{CD7FFBA1-960E-47BD-B91F-FF9D0B71AEF2}.Debug|Any CPU.Build.0 = Debug|x64
		{CD7FFBA1-960E-47BD-B91F-FF9D0B71AEF2}.Debug|x64.ActiveCfg = Debug|x64
		{CD7FFBA1-960E-47BD-B91F-FF9D0B71AEF2}.Debug|x64.Build.0 = Debug|x64
		{CD7FFBA1-960E-47BD-B91F-FF9D0B71AEF2}.Debug|x86.ActiveCfg = Debug|Win32
		{CD7FFBA1-960E-47BD-B91F-FF9D0B71AEF2}.Debug|x86.Build.0 = Debug|Win32
		{CD7FFBA1-960E-47BD-B91F-FF9D0B71AEF2}.Release|Any CPU.ActiveCfg = Release|x64
		{CD7FFBA1-960E-47BD-B91F-FF9D0B71AEF2}.Release|Any CPU.Build.0 = Release|x64
		{CD7FFBA1-960E-47BD-B91F-FF9D0B71AEF2}.Release|x64.ActiveCfg = Release|x64
		{CD7FFBA1-960E-47BD-B91F-FF9D0B71AEF2}.Release|x64.Build.0 = Release|x64
		{CD7FFBA1-960E-47BD-B91F-FF9D0B71AEF2}.Release|x86.ActiveCfg = Release|Win32
		{CD7FFBA1-960E-47BD-B91F-FF9D0B71AEF2}.Release|x86.Build.0 = Release|Win32
		{96469275-C0D6-4821-A563-7CB42925BD69}.Debug|Any CPU.ActiveCfg = Debug|Any CPU
		{96469275-C0D6-4821-A563-7CB42925BD69}.Debug|Any CPU.Build.0 = Debug|Any CPU
		{96469275-C0D6-4821-A563-7CB42925BD69}.Debug|x64.ActiveCfg = Debug|Any CPU
		{96469275-C0D6-4821-A563-7CB42925BD69}.Debug|x64.Build.0 = Debug|Any CPU
		{96469275-C0D6-4821-A563-7CB42925BD69}.Debug|x86.ActiveCfg = Debug|Any CPU
		{96469275-C0D6-4821-A563-7CB42925BD69}.Debug|x86.Build.0 = Debug|Any CPU
		{96469275-C0D6-4821-A563-7CB42925BD69}.Release|Any CPU.ActiveCfg = Release|Any CPU
		{96469275-C0D6-4821-A563-7CB42925BD69}.Release|Any CPU.Build.0 = Release|Any CPU
		{96469275-C0D6-4821-A563-7CB42925BD69}.Release|x64.ActiveCfg = Release|Any CPU
		{96469275-C0D6-4821-A563-7CB42925BD69}.Release|x64.Build.0 = Release|Any CPU
		{96469275-C0D6-4821-A563-7CB42925BD69}.Release|x86.ActiveCfg = Release|Any CPU
		{96469275-C0D6-4821-A563-7CB42925BD69}.Release|x86.Build.0 = Release|Any CPU
		{341C0FD8-5AB5-4A1D-9F94-A6547DFCE158}.Debug|Any CPU.ActiveCfg = Debug|Any CPU
		{341C0FD8-5AB5-4A1D-9F94-A6547DFCE158}.Debug|Any CPU.Build.0 = Debug|Any CPU
		{341C0FD8-5AB5-4A1D-9F94-A6547DFCE158}.Debug|x64.ActiveCfg = Debug|Any CPU
		{341C0FD8-5AB5-4A1D-9F94-A6547DFCE158}.Debug|x64.Build.0 = Debug|Any CPU
		{341C0FD8-5AB5-4A1D-9F94-A6547DFCE158}.Debug|x86.ActiveCfg = Debug|Any CPU
		{341C0FD8-5AB5-4A1D-9F94-A6547DFCE158}.Debug|x86.Build.0 = Debug|Any CPU
		{341C0FD8-5AB5-4A1D-9F94-A6547DFCE158}.Release|Any CPU.ActiveCfg = Release|Any CPU
		{341C0FD8-5AB5-4A1D-9F94-A6547DFCE158}.Release|Any CPU.Build.0 = Release|Any CPU
		{341C0FD8-5AB5-4A1D-9F94-A6547DFCE158}.Release|x64.ActiveCfg = Release|Any CPU
		{341C0FD8-5AB5-4A1D-9F94-A6547DFCE158}.Release|x64.Build.0 = Release|Any CPU
		{341C0FD8-5AB5-4A1D-9F94-A6547DFCE158}.Release|x86.ActiveCfg = Release|Any CPU
		{341C0FD8-5AB5-4A1D-9F94-A6547DFCE158}.Release|x86.Build.0 = Release|Any CPU
		{9A0750E5-9925-40A5-A8CC-25FA660D7F99}.Debug|Any CPU.ActiveCfg = Debug|Any CPU
		{9A0750E5-9925-40A5-A8CC-25FA660D7F99}.Debug|Any CPU.Build.0 = Debug|Any CPU
		{9A0750E5-9925-40A5-A8CC-25FA660D7F99}.Debug|x64.ActiveCfg = Debug|Any CPU
		{9A0750E5-9925-40A5-A8CC-25FA660D7F99}.Debug|x64.Build.0 = Debug|Any CPU
		{9A0750E5-9925-40A5-A8CC-25FA660D7F99}.Debug|x86.ActiveCfg = Debug|Any CPU
		{9A0750E5-9925-40A5-A8CC-25FA660D7F99}.Debug|x86.Build.0 = Debug|Any CPU
		{9A0750E5-9925-40A5-A8CC-25FA660D7F99}.Release|Any CPU.ActiveCfg = Release|Any CPU
		{9A0750E5-9925-40A5-A8CC-25FA660D7F99}.Release|Any CPU.Build.0 = Release|Any CPU
		{9A0750E5-9925-40A5-A8CC-25FA660D7F99}.Release|x64.ActiveCfg = Release|Any CPU
		{9A0750E5-9925-40A5-A8CC-25FA660D7F99}.Release|x64.Build.0 = Release|Any CPU
		{9A0750E5-9925-40A5-A8CC-25FA660D7F99}.Release|x86.ActiveCfg = Release|Any CPU
		{9A0750E5-9925-40A5-A8CC-25FA660D7F99}.Release|x86.Build.0 = Release|Any CPU
		{C190B4F8-330C-4571-A42D-0DCBF00ADE59}.Debug|Any CPU.ActiveCfg = Debug|Any CPU
		{C190B4F8-330C-4571-A42D-0DCBF00ADE59}.Debug|Any CPU.Build.0 = Debug|Any CPU
		{C190B4F8-330C-4571-A42D-0DCBF00ADE59}.Debug|x64.ActiveCfg = Debug|Any CPU
		{C190B4F8-330C-4571-A42D-0DCBF00ADE59}.Debug|x64.Build.0 = Debug|Any CPU
		{C190B4F8-330C-4571-A42D-0DCBF00ADE59}.Debug|x86.ActiveCfg = Debug|Any CPU
		{C190B4F8-330C-4571-A42D-0DCBF00ADE59}.Debug|x86.Build.0 = Debug|Any CPU
		{C190B4F8-330C-4571-A42D-0DCBF00ADE59}.Release|Any CPU.ActiveCfg = Release|Any CPU
		{C190B4F8-330C-4571-A42D-0DCBF00ADE59}.Release|Any CPU.Build.0 = Release|Any CPU
		{C190B4F8-330C-4571-A42D-0DCBF00ADE59}.Release|x64.ActiveCfg = Release|Any CPU
		{C190B4F8-330C-4571-A42D-0DCBF00ADE59}.Release|x64.Build.0 = Release|Any CPU
		{C190B4F8-330C-4571-A42D-0DCBF00ADE59}.Release|x86.ActiveCfg = Release|Any CPU
		{C190B4F8-330C-4571-A42D-0DCBF00ADE59}.Release|x86.Build.0 = Release|Any CPU
		{1B1390F8-53B2-4D3D-9347-66491E0402A6}.Debug|Any CPU.ActiveCfg = Debug|Any CPU
		{1B1390F8-53B2-4D3D-9347-66491E0402A6}.Debug|Any CPU.Build.0 = Debug|Any CPU
		{1B1390F8-53B2-4D3D-9347-66491E0402A6}.Debug|x64.ActiveCfg = Debug|Any CPU
		{1B1390F8-53B2-4D3D-9347-66491E0402A6}.Debug|x64.Build.0 = Debug|Any CPU
		{1B1390F8-53B2-4D3D-9347-66491E0402A6}.Debug|x86.ActiveCfg = Debug|Any CPU
		{1B1390F8-53B2-4D3D-9347-66491E0402A6}.Debug|x86.Build.0 = Debug|Any CPU
		{1B1390F8-53B2-4D3D-9347-66491E0402A6}.Release|Any CPU.ActiveCfg = Release|Any CPU
		{1B1390F8-53B2-4D3D-9347-66491E0402A6}.Release|Any CPU.Build.0 = Release|Any CPU
		{1B1390F8-53B2-4D3D-9347-66491E0402A6}.Release|x64.ActiveCfg = Release|Any CPU
		{1B1390F8-53B2-4D3D-9347-66491E0402A6}.Release|x64.Build.0 = Release|Any CPU
		{1B1390F8-53B2-4D3D-9347-66491E0402A6}.Release|x86.ActiveCfg = Release|Any CPU
		{1B1390F8-53B2-4D3D-9347-66491E0402A6}.Release|x86.Build.0 = Release|Any CPU
		{B3499F97-B663-49A2-9F8A-ACA5ED0A30A4}.Debug|Any CPU.ActiveCfg = Debug|Any CPU
		{B3499F97-B663-49A2-9F8A-ACA5ED0A30A4}.Debug|Any CPU.Build.0 = Debug|Any CPU
		{B3499F97-B663-49A2-9F8A-ACA5ED0A30A4}.Debug|x64.ActiveCfg = Debug|Any CPU
		{B3499F97-B663-49A2-9F8A-ACA5ED0A30A4}.Debug|x64.Build.0 = Debug|Any CPU
		{B3499F97-B663-49A2-9F8A-ACA5ED0A30A4}.Debug|x86.ActiveCfg = Debug|Any CPU
		{B3499F97-B663-49A2-9F8A-ACA5ED0A30A4}.Debug|x86.Build.0 = Debug|Any CPU
		{B3499F97-B663-49A2-9F8A-ACA5ED0A30A4}.Release|Any CPU.ActiveCfg = Release|Any CPU
		{B3499F97-B663-49A2-9F8A-ACA5ED0A30A4}.Release|Any CPU.Build.0 = Release|Any CPU
		{B3499F97-B663-49A2-9F8A-ACA5ED0A30A4}.Release|x64.ActiveCfg = Release|Any CPU
		{B3499F97-B663-49A2-9F8A-ACA5ED0A30A4}.Release|x64.Build.0 = Release|Any CPU
		{B3499F97-B663-49A2-9F8A-ACA5ED0A30A4}.Release|x86.ActiveCfg = Release|Any CPU
		{B3499F97-B663-49A2-9F8A-ACA5ED0A30A4}.Release|x86.Build.0 = Release|Any CPU
		{78AB5750-8DE3-4D23-898F-747C8AAF35EF}.Debug|Any CPU.ActiveCfg = Debug|Any CPU
		{78AB5750-8DE3-4D23-898F-747C8AAF35EF}.Debug|Any CPU.Build.0 = Debug|Any CPU
		{78AB5750-8DE3-4D23-898F-747C8AAF35EF}.Debug|x64.ActiveCfg = Debug|Any CPU
		{78AB5750-8DE3-4D23-898F-747C8AAF35EF}.Debug|x64.Build.0 = Debug|Any CPU
		{78AB5750-8DE3-4D23-898F-747C8AAF35EF}.Debug|x86.ActiveCfg = Debug|Any CPU
		{78AB5750-8DE3-4D23-898F-747C8AAF35EF}.Debug|x86.Build.0 = Debug|Any CPU
		{78AB5750-8DE3-4D23-898F-747C8AAF35EF}.Release|Any CPU.ActiveCfg = Release|Any CPU
		{78AB5750-8DE3-4D23-898F-747C8AAF35EF}.Release|Any CPU.Build.0 = Release|Any CPU
		{78AB5750-8DE3-4D23-898F-747C8AAF35EF}.Release|x64.ActiveCfg = Release|Any CPU
		{78AB5750-8DE3-4D23-898F-747C8AAF35EF}.Release|x64.Build.0 = Release|Any CPU
		{78AB5750-8DE3-4D23-898F-747C8AAF35EF}.Release|x86.ActiveCfg = Release|Any CPU
		{78AB5750-8DE3-4D23-898F-747C8AAF35EF}.Release|x86.Build.0 = Release|Any CPU
		{E4C760CB-74A3-46E0-9AA1-AE25FFC170E9}.Debug|Any CPU.ActiveCfg = Debug|Any CPU
		{E4C760CB-74A3-46E0-9AA1-AE25FFC170E9}.Debug|Any CPU.Build.0 = Debug|Any CPU
		{E4C760CB-74A3-46E0-9AA1-AE25FFC170E9}.Debug|x64.ActiveCfg = Debug|Any CPU
		{E4C760CB-74A3-46E0-9AA1-AE25FFC170E9}.Debug|x64.Build.0 = Debug|Any CPU
		{E4C760CB-74A3-46E0-9AA1-AE25FFC170E9}.Debug|x86.ActiveCfg = Debug|Any CPU
		{E4C760CB-74A3-46E0-9AA1-AE25FFC170E9}.Debug|x86.Build.0 = Debug|Any CPU
		{E4C760CB-74A3-46E0-9AA1-AE25FFC170E9}.Release|Any CPU.ActiveCfg = Release|Any CPU
		{E4C760CB-74A3-46E0-9AA1-AE25FFC170E9}.Release|Any CPU.Build.0 = Release|Any CPU
		{E4C760CB-74A3-46E0-9AA1-AE25FFC170E9}.Release|x64.ActiveCfg = Release|Any CPU
		{E4C760CB-74A3-46E0-9AA1-AE25FFC170E9}.Release|x64.Build.0 = Release|Any CPU
		{E4C760CB-74A3-46E0-9AA1-AE25FFC170E9}.Release|x86.ActiveCfg = Release|Any CPU
		{E4C760CB-74A3-46E0-9AA1-AE25FFC170E9}.Release|x86.Build.0 = Release|Any CPU
		{6DBB0434-3504-4740-BD29-60009A12FFED}.Debug|Any CPU.ActiveCfg = Debug|Any CPU
		{6DBB0434-3504-4740-BD29-60009A12FFED}.Debug|Any CPU.Build.0 = Debug|Any CPU
		{6DBB0434-3504-4740-BD29-60009A12FFED}.Debug|x64.ActiveCfg = Debug|Any CPU
		{6DBB0434-3504-4740-BD29-60009A12FFED}.Debug|x64.Build.0 = Debug|Any CPU
		{6DBB0434-3504-4740-BD29-60009A12FFED}.Debug|x86.ActiveCfg = Debug|Any CPU
		{6DBB0434-3504-4740-BD29-60009A12FFED}.Debug|x86.Build.0 = Debug|Any CPU
		{6DBB0434-3504-4740-BD29-60009A12FFED}.Release|Any CPU.ActiveCfg = Release|Any CPU
		{6DBB0434-3504-4740-BD29-60009A12FFED}.Release|Any CPU.Build.0 = Release|Any CPU
		{6DBB0434-3504-4740-BD29-60009A12FFED}.Release|x64.ActiveCfg = Release|Any CPU
		{6DBB0434-3504-4740-BD29-60009A12FFED}.Release|x64.Build.0 = Release|Any CPU
		{6DBB0434-3504-4740-BD29-60009A12FFED}.Release|x86.ActiveCfg = Release|Any CPU
		{6DBB0434-3504-4740-BD29-60009A12FFED}.Release|x86.Build.0 = Release|Any CPU
		{9234CAE8-2997-4E0D-BBBE-3FFB0BCB496E}.Debug|Any CPU.ActiveCfg = Debug|Any CPU
		{9234CAE8-2997-4E0D-BBBE-3FFB0BCB496E}.Debug|Any CPU.Build.0 = Debug|Any CPU
		{9234CAE8-2997-4E0D-BBBE-3FFB0BCB496E}.Debug|x64.ActiveCfg = Debug|Any CPU
		{9234CAE8-2997-4E0D-BBBE-3FFB0BCB496E}.Debug|x64.Build.0 = Debug|Any CPU
		{9234CAE8-2997-4E0D-BBBE-3FFB0BCB496E}.Debug|x86.ActiveCfg = Debug|Any CPU
		{9234CAE8-2997-4E0D-BBBE-3FFB0BCB496E}.Debug|x86.Build.0 = Debug|Any CPU
		{9234CAE8-2997-4E0D-BBBE-3FFB0BCB496E}.Release|Any CPU.ActiveCfg = Release|Any CPU
		{9234CAE8-2997-4E0D-BBBE-3FFB0BCB496E}.Release|Any CPU.Build.0 = Release|Any CPU
		{9234CAE8-2997-4E0D-BBBE-3FFB0BCB496E}.Release|x64.ActiveCfg = Release|Any CPU
		{9234CAE8-2997-4E0D-BBBE-3FFB0BCB496E}.Release|x64.Build.0 = Release|Any CPU
		{9234CAE8-2997-4E0D-BBBE-3FFB0BCB496E}.Release|x86.ActiveCfg = Release|Any CPU
		{9234CAE8-2997-4E0D-BBBE-3FFB0BCB496E}.Release|x86.Build.0 = Release|Any CPU
		{3A34E999-F3B1-4423-A793-2A6CE16FD6F1}.Debug|Any CPU.ActiveCfg = Debug|Any CPU
		{3A34E999-F3B1-4423-A793-2A6CE16FD6F1}.Debug|Any CPU.Build.0 = Debug|Any CPU
		{3A34E999-F3B1-4423-A793-2A6CE16FD6F1}.Debug|x64.ActiveCfg = Debug|Any CPU
		{3A34E999-F3B1-4423-A793-2A6CE16FD6F1}.Debug|x64.Build.0 = Debug|Any CPU
		{3A34E999-F3B1-4423-A793-2A6CE16FD6F1}.Debug|x86.ActiveCfg = Debug|Any CPU
		{3A34E999-F3B1-4423-A793-2A6CE16FD6F1}.Debug|x86.Build.0 = Debug|Any CPU
		{3A34E999-F3B1-4423-A793-2A6CE16FD6F1}.Release|Any CPU.ActiveCfg = Release|Any CPU
		{3A34E999-F3B1-4423-A793-2A6CE16FD6F1}.Release|Any CPU.Build.0 = Release|Any CPU
		{3A34E999-F3B1-4423-A793-2A6CE16FD6F1}.Release|x64.ActiveCfg = Release|Any CPU
		{3A34E999-F3B1-4423-A793-2A6CE16FD6F1}.Release|x64.Build.0 = Release|Any CPU
		{3A34E999-F3B1-4423-A793-2A6CE16FD6F1}.Release|x86.ActiveCfg = Release|Any CPU
		{3A34E999-F3B1-4423-A793-2A6CE16FD6F1}.Release|x86.Build.0 = Release|Any CPU
		{70CE6FE8-C28B-4003-BC70-7213C750F12F}.Debug|Any CPU.ActiveCfg = Debug|Any CPU
		{70CE6FE8-C28B-4003-BC70-7213C750F12F}.Debug|Any CPU.Build.0 = Debug|Any CPU
		{70CE6FE8-C28B-4003-BC70-7213C750F12F}.Debug|x64.ActiveCfg = Debug|Any CPU
		{70CE6FE8-C28B-4003-BC70-7213C750F12F}.Debug|x64.Build.0 = Debug|Any CPU
		{70CE6FE8-C28B-4003-BC70-7213C750F12F}.Debug|x86.ActiveCfg = Debug|Any CPU
		{70CE6FE8-C28B-4003-BC70-7213C750F12F}.Debug|x86.Build.0 = Debug|Any CPU
		{70CE6FE8-C28B-4003-BC70-7213C750F12F}.Release|Any CPU.ActiveCfg = Release|Any CPU
		{70CE6FE8-C28B-4003-BC70-7213C750F12F}.Release|Any CPU.Build.0 = Release|Any CPU
		{70CE6FE8-C28B-4003-BC70-7213C750F12F}.Release|x64.ActiveCfg = Release|Any CPU
		{70CE6FE8-C28B-4003-BC70-7213C750F12F}.Release|x64.Build.0 = Release|Any CPU
		{70CE6FE8-C28B-4003-BC70-7213C750F12F}.Release|x86.ActiveCfg = Release|Any CPU
		{70CE6FE8-C28B-4003-BC70-7213C750F12F}.Release|x86.Build.0 = Release|Any CPU
		{330AF046-4B07-4ECA-8699-459CB9709CBB}.Debug|Any CPU.ActiveCfg = Debug|Any CPU
		{330AF046-4B07-4ECA-8699-459CB9709CBB}.Debug|Any CPU.Build.0 = Debug|Any CPU
		{330AF046-4B07-4ECA-8699-459CB9709CBB}.Debug|x64.ActiveCfg = Debug|Any CPU
		{330AF046-4B07-4ECA-8699-459CB9709CBB}.Debug|x64.Build.0 = Debug|Any CPU
		{330AF046-4B07-4ECA-8699-459CB9709CBB}.Debug|x86.ActiveCfg = Debug|Any CPU
		{330AF046-4B07-4ECA-8699-459CB9709CBB}.Debug|x86.Build.0 = Debug|Any CPU
		{330AF046-4B07-4ECA-8699-459CB9709CBB}.Release|Any CPU.ActiveCfg = Release|Any CPU
		{330AF046-4B07-4ECA-8699-459CB9709CBB}.Release|Any CPU.Build.0 = Release|Any CPU
		{330AF046-4B07-4ECA-8699-459CB9709CBB}.Release|x64.ActiveCfg = Release|Any CPU
		{330AF046-4B07-4ECA-8699-459CB9709CBB}.Release|x64.Build.0 = Release|Any CPU
		{330AF046-4B07-4ECA-8699-459CB9709CBB}.Release|x86.ActiveCfg = Release|Any CPU
		{330AF046-4B07-4ECA-8699-459CB9709CBB}.Release|x86.Build.0 = Release|Any CPU
		{D5A80DF9-F422-476B-9FE8-C46AD94C961A}.Debug|Any CPU.ActiveCfg = Debug|Any CPU
		{D5A80DF9-F422-476B-9FE8-C46AD94C961A}.Debug|Any CPU.Build.0 = Debug|Any CPU
		{D5A80DF9-F422-476B-9FE8-C46AD94C961A}.Debug|x64.ActiveCfg = Debug|Any CPU
		{D5A80DF9-F422-476B-9FE8-C46AD94C961A}.Debug|x64.Build.0 = Debug|Any CPU
		{D5A80DF9-F422-476B-9FE8-C46AD94C961A}.Debug|x86.ActiveCfg = Debug|Any CPU
		{D5A80DF9-F422-476B-9FE8-C46AD94C961A}.Debug|x86.Build.0 = Debug|Any CPU
		{D5A80DF9-F422-476B-9FE8-C46AD94C961A}.Release|Any CPU.ActiveCfg = Release|Any CPU
		{D5A80DF9-F422-476B-9FE8-C46AD94C961A}.Release|Any CPU.Build.0 = Release|Any CPU
		{D5A80DF9-F422-476B-9FE8-C46AD94C961A}.Release|x64.ActiveCfg = Release|Any CPU
		{D5A80DF9-F422-476B-9FE8-C46AD94C961A}.Release|x64.Build.0 = Release|Any CPU
		{D5A80DF9-F422-476B-9FE8-C46AD94C961A}.Release|x86.ActiveCfg = Release|Any CPU
		{D5A80DF9-F422-476B-9FE8-C46AD94C961A}.Release|x86.Build.0 = Release|Any CPU
		{1984ED0D-6B34-4DEA-B69F-AC265F8D2DB4}.Debug|Any CPU.ActiveCfg = Debug|Any CPU
		{1984ED0D-6B34-4DEA-B69F-AC265F8D2DB4}.Debug|Any CPU.Build.0 = Debug|Any CPU
		{1984ED0D-6B34-4DEA-B69F-AC265F8D2DB4}.Debug|x64.ActiveCfg = Debug|Any CPU
		{1984ED0D-6B34-4DEA-B69F-AC265F8D2DB4}.Debug|x64.Build.0 = Debug|Any CPU
		{1984ED0D-6B34-4DEA-B69F-AC265F8D2DB4}.Debug|x86.ActiveCfg = Debug|Any CPU
		{1984ED0D-6B34-4DEA-B69F-AC265F8D2DB4}.Debug|x86.Build.0 = Debug|Any CPU
		{1984ED0D-6B34-4DEA-B69F-AC265F8D2DB4}.Release|Any CPU.ActiveCfg = Release|Any CPU
		{1984ED0D-6B34-4DEA-B69F-AC265F8D2DB4}.Release|Any CPU.Build.0 = Release|Any CPU
		{1984ED0D-6B34-4DEA-B69F-AC265F8D2DB4}.Release|x64.ActiveCfg = Release|Any CPU
		{1984ED0D-6B34-4DEA-B69F-AC265F8D2DB4}.Release|x64.Build.0 = Release|Any CPU
		{1984ED0D-6B34-4DEA-B69F-AC265F8D2DB4}.Release|x86.ActiveCfg = Release|Any CPU
		{1984ED0D-6B34-4DEA-B69F-AC265F8D2DB4}.Release|x86.Build.0 = Release|Any CPU
		{74AE540B-12DC-4858-8E19-B82FF759D101}.Debug|Any CPU.ActiveCfg = Debug|Any CPU
		{74AE540B-12DC-4858-8E19-B82FF759D101}.Debug|Any CPU.Build.0 = Debug|Any CPU
		{74AE540B-12DC-4858-8E19-B82FF759D101}.Debug|x64.ActiveCfg = Debug|Any CPU
		{74AE540B-12DC-4858-8E19-B82FF759D101}.Debug|x64.Build.0 = Debug|Any CPU
		{74AE540B-12DC-4858-8E19-B82FF759D101}.Debug|x86.ActiveCfg = Debug|Any CPU
		{74AE540B-12DC-4858-8E19-B82FF759D101}.Debug|x86.Build.0 = Debug|Any CPU
		{74AE540B-12DC-4858-8E19-B82FF759D101}.Release|Any CPU.ActiveCfg = Release|Any CPU
		{74AE540B-12DC-4858-8E19-B82FF759D101}.Release|Any CPU.Build.0 = Release|Any CPU
		{74AE540B-12DC-4858-8E19-B82FF759D101}.Release|x64.ActiveCfg = Release|Any CPU
		{74AE540B-12DC-4858-8E19-B82FF759D101}.Release|x64.Build.0 = Release|Any CPU
		{74AE540B-12DC-4858-8E19-B82FF759D101}.Release|x86.ActiveCfg = Release|Any CPU
		{74AE540B-12DC-4858-8E19-B82FF759D101}.Release|x86.Build.0 = Release|Any CPU
		{429EB1AC-E7FA-4211-8D80-5EAA135808B7}.Debug|Any CPU.ActiveCfg = Debug|Any CPU
		{429EB1AC-E7FA-4211-8D80-5EAA135808B7}.Debug|Any CPU.Build.0 = Debug|Any CPU
		{429EB1AC-E7FA-4211-8D80-5EAA135808B7}.Debug|x64.ActiveCfg = Debug|Any CPU
		{429EB1AC-E7FA-4211-8D80-5EAA135808B7}.Debug|x64.Build.0 = Debug|Any CPU
		{429EB1AC-E7FA-4211-8D80-5EAA135808B7}.Debug|x86.ActiveCfg = Debug|Any CPU
		{429EB1AC-E7FA-4211-8D80-5EAA135808B7}.Debug|x86.Build.0 = Debug|Any CPU
		{429EB1AC-E7FA-4211-8D80-5EAA135808B7}.Release|Any CPU.ActiveCfg = Release|Any CPU
		{429EB1AC-E7FA-4211-8D80-5EAA135808B7}.Release|Any CPU.Build.0 = Release|Any CPU
		{429EB1AC-E7FA-4211-8D80-5EAA135808B7}.Release|x64.ActiveCfg = Release|Any CPU
		{429EB1AC-E7FA-4211-8D80-5EAA135808B7}.Release|x64.Build.0 = Release|Any CPU
		{429EB1AC-E7FA-4211-8D80-5EAA135808B7}.Release|x86.ActiveCfg = Release|Any CPU
		{429EB1AC-E7FA-4211-8D80-5EAA135808B7}.Release|x86.Build.0 = Release|Any CPU
		{4A217438-8175-4A56-8D38-FEDF1BBEB8FF}.Debug|Any CPU.ActiveCfg = Debug|Any CPU
		{4A217438-8175-4A56-8D38-FEDF1BBEB8FF}.Debug|Any CPU.Build.0 = Debug|Any CPU
		{4A217438-8175-4A56-8D38-FEDF1BBEB8FF}.Debug|x64.ActiveCfg = Debug|Any CPU
		{4A217438-8175-4A56-8D38-FEDF1BBEB8FF}.Debug|x64.Build.0 = Debug|Any CPU
		{4A217438-8175-4A56-8D38-FEDF1BBEB8FF}.Debug|x86.ActiveCfg = Debug|Any CPU
		{4A217438-8175-4A56-8D38-FEDF1BBEB8FF}.Debug|x86.Build.0 = Debug|Any CPU
		{4A217438-8175-4A56-8D38-FEDF1BBEB8FF}.Release|Any CPU.ActiveCfg = Release|Any CPU
		{4A217438-8175-4A56-8D38-FEDF1BBEB8FF}.Release|Any CPU.Build.0 = Release|Any CPU
		{4A217438-8175-4A56-8D38-FEDF1BBEB8FF}.Release|x64.ActiveCfg = Release|Any CPU
		{4A217438-8175-4A56-8D38-FEDF1BBEB8FF}.Release|x64.Build.0 = Release|Any CPU
		{4A217438-8175-4A56-8D38-FEDF1BBEB8FF}.Release|x86.ActiveCfg = Release|Any CPU
		{4A217438-8175-4A56-8D38-FEDF1BBEB8FF}.Release|x86.Build.0 = Release|Any CPU
		{A8DD2C31-DB7E-4F04-A5CF-9ACECF8E3F6E}.Debug|Any CPU.ActiveCfg = Debug|Any CPU
		{A8DD2C31-DB7E-4F04-A5CF-9ACECF8E3F6E}.Debug|Any CPU.Build.0 = Debug|Any CPU
		{A8DD2C31-DB7E-4F04-A5CF-9ACECF8E3F6E}.Debug|x64.ActiveCfg = Debug|Any CPU
		{A8DD2C31-DB7E-4F04-A5CF-9ACECF8E3F6E}.Debug|x64.Build.0 = Debug|Any CPU
		{A8DD2C31-DB7E-4F04-A5CF-9ACECF8E3F6E}.Debug|x86.ActiveCfg = Debug|Any CPU
		{A8DD2C31-DB7E-4F04-A5CF-9ACECF8E3F6E}.Debug|x86.Build.0 = Debug|Any CPU
		{A8DD2C31-DB7E-4F04-A5CF-9ACECF8E3F6E}.Release|Any CPU.ActiveCfg = Release|Any CPU
		{A8DD2C31-DB7E-4F04-A5CF-9ACECF8E3F6E}.Release|Any CPU.Build.0 = Release|Any CPU
		{A8DD2C31-DB7E-4F04-A5CF-9ACECF8E3F6E}.Release|x64.ActiveCfg = Release|Any CPU
		{A8DD2C31-DB7E-4F04-A5CF-9ACECF8E3F6E}.Release|x64.Build.0 = Release|Any CPU
		{A8DD2C31-DB7E-4F04-A5CF-9ACECF8E3F6E}.Release|x86.ActiveCfg = Release|Any CPU
		{A8DD2C31-DB7E-4F04-A5CF-9ACECF8E3F6E}.Release|x86.Build.0 = Release|Any CPU
		{782D6B81-99A5-4609-89A8-C53AC9F6379C}.Debug|Any CPU.ActiveCfg = Debug|Any CPU
		{782D6B81-99A5-4609-89A8-C53AC9F6379C}.Debug|Any CPU.Build.0 = Debug|Any CPU
		{782D6B81-99A5-4609-89A8-C53AC9F6379C}.Debug|x64.ActiveCfg = Debug|Any CPU
		{782D6B81-99A5-4609-89A8-C53AC9F6379C}.Debug|x64.Build.0 = Debug|Any CPU
		{782D6B81-99A5-4609-89A8-C53AC9F6379C}.Debug|x86.ActiveCfg = Debug|Any CPU
		{782D6B81-99A5-4609-89A8-C53AC9F6379C}.Debug|x86.Build.0 = Debug|Any CPU
		{782D6B81-99A5-4609-89A8-C53AC9F6379C}.Release|Any CPU.ActiveCfg = Release|Any CPU
		{782D6B81-99A5-4609-89A8-C53AC9F6379C}.Release|Any CPU.Build.0 = Release|Any CPU
		{782D6B81-99A5-4609-89A8-C53AC9F6379C}.Release|x64.ActiveCfg = Release|Any CPU
		{782D6B81-99A5-4609-89A8-C53AC9F6379C}.Release|x64.Build.0 = Release|Any CPU
		{782D6B81-99A5-4609-89A8-C53AC9F6379C}.Release|x86.ActiveCfg = Release|Any CPU
		{782D6B81-99A5-4609-89A8-C53AC9F6379C}.Release|x86.Build.0 = Release|Any CPU
	EndGlobalSection
	GlobalSection(SolutionProperties) = preSolution
		HideSolutionNode = FALSE
	EndGlobalSection
	GlobalSection(NestedProjects) = preSolution
		{8C396BF5-E9D1-4BEB-9A20-BE930B59052C} = {02EA681E-C7D8-13C7-8484-4AC65E1B71E8}
		{D4FC4DC3-2DCD-4E4C-B12C-B9CAD73497CF} = {02EA681E-C7D8-13C7-8484-4AC65E1B71E8}
		{CD7FFBA1-960E-47BD-B91F-FF9D0B71AEF2} = {02EA681E-C7D8-13C7-8484-4AC65E1B71E8}
		{96469275-C0D6-4821-A563-7CB42925BD69} = {E8A9AE8F-A13C-4F14-86FF-ADDAC70945CE}
		{341C0FD8-5AB5-4A1D-9F94-A6547DFCE158} = {6EF088B5-B885-425C-A3A7-EB9417A7B540}
		{9A0750E5-9925-40A5-A8CC-25FA660D7F99} = {6EF088B5-B885-425C-A3A7-EB9417A7B540}
		{C190B4F8-330C-4571-A42D-0DCBF00ADE59} = {6EF088B5-B885-425C-A3A7-EB9417A7B540}
		{1B1390F8-53B2-4D3D-9347-66491E0402A6} = {6EF088B5-B885-425C-A3A7-EB9417A7B540}
		{B3499F97-B663-49A2-9F8A-ACA5ED0A30A4} = {6EF088B5-B885-425C-A3A7-EB9417A7B540}
		{78AB5750-8DE3-4D23-898F-747C8AAF35EF} = {6EF088B5-B885-425C-A3A7-EB9417A7B540}
		{E4C760CB-74A3-46E0-9AA1-AE25FFC170E9} = {6EF088B5-B885-425C-A3A7-EB9417A7B540}
		{6DBB0434-3504-4740-BD29-60009A12FFED} = {6EF088B5-B885-425C-A3A7-EB9417A7B540}
		{9234CAE8-2997-4E0D-BBBE-3FFB0BCB496E} = {6EF088B5-B885-425C-A3A7-EB9417A7B540}
		{3A34E999-F3B1-4423-A793-2A6CE16FD6F1} = {1048619A-9299-47EB-9E6E-CB84D310D433}
		{70CE6FE8-C28B-4003-BC70-7213C750F12F} = {1048619A-9299-47EB-9E6E-CB84D310D433}
		{330AF046-4B07-4ECA-8699-459CB9709CBB} = {1048619A-9299-47EB-9E6E-CB84D310D433}
		{D5A80DF9-F422-476B-9FE8-C46AD94C961A} = {78F042D7-4ABB-4EA8-BFC9-62149EF42DEA}
		{1984ED0D-6B34-4DEA-B69F-AC265F8D2DB4} = {78F042D7-4ABB-4EA8-BFC9-62149EF42DEA}
		{74AE540B-12DC-4858-8E19-B82FF759D101} = {78F042D7-4ABB-4EA8-BFC9-62149EF42DEA}
		{429EB1AC-E7FA-4211-8D80-5EAA135808B7} = {FB4081A5-A928-414D-859D-AA60F4278BDB}
		{4A217438-8175-4A56-8D38-FEDF1BBEB8FF} = {FB4081A5-A928-414D-859D-AA60F4278BDB}
		{A8DD2C31-DB7E-4F04-A5CF-9ACECF8E3F6E} = {FB4081A5-A928-414D-859D-AA60F4278BDB}
		{782D6B81-99A5-4609-89A8-C53AC9F6379C} = {FB4081A5-A928-414D-859D-AA60F4278BDB}
	EndGlobalSection
	GlobalSection(ExtensibilityGlobals) = postSolution
		SolutionGuid = {939EE77E-8D5B-4FF5-9487-8F9572983853}
	EndGlobalSection
EndGlobal
